
Microsoft Visual Studio Solution File, Format Version 12.00
# Visual Studio Version 17
VisualStudioVersion = 17.3.32901.215
MinimumVisualStudioVersion = 10.0.40219.1
Project("{FAE04EC0-301F-11D3-BF4B-00C04F79EFBC}") = "Exe3_M.Yoga Prasetya Erlangga_012", "Exe3_M.Yoga Prasetya Erlangga_012\Exe3_M.Yoga Prasetya Erlangga_012.csproj", "{84445149-04E3-43CF-95CC-DAC25ED21324}"
EndProject
Global
	GlobalSection(SolutionConfigurationPlatforms) = preSolution
		Debug|Any CPU = Debug|Any CPU
		Release|Any CPU = Release|Any CPU
	EndGlobalSection
	GlobalSection(ProjectConfigurationPlatforms) = postSolution
		{84445149-04E3-43CF-95CC-DAC25ED21324}.Debug|Any CPU.ActiveCfg = Debug|Any CPU
		{84445149-04E3-43CF-95CC-DAC25ED21324}.Debug|Any CPU.Build.0 = Debug|Any CPU
		{84445149-04E3-43CF-95CC-DAC25ED21324}.Release|Any CPU.ActiveCfg = Release|Any CPU
		{84445149-04E3-43CF-95CC-DAC25ED21324}.Release|Any CPU.Build.0 = Release|Any CPU
	EndGlobalSection
	GlobalSection(SolutionProperties) = preSolution
		HideSolutionNode = FALSE
	EndGlobalSection
	GlobalSection(ExtensibilityGlobals) = postSolution
		SolutionGuid = {7BD8B269-861A-45D4-B304-1582397D073C}
	EndGlobalSection
EndGlobal
